
Microsoft Visual Studio Solution File, Format Version 12.00
# Visual Studio Version 17
VisualStudioVersion = 17.5.002.0
MinimumVisualStudioVersion = 10.0.40219.1
Project("{2150E333-8FDC-42A3-9474-1A3956D46DE8}") = "sandbox", "sandbox", "{DCF63D8F-262B-47D6-8376-2978143DAB49}"
EndProject
Project("{9A19103F-16F7-4668-BE54-9A1E7A4F7556}") = "sandbox_project", "sandbox\sandbox_project\sandbox_project.csproj", "{30C8F845-78AC-4683-88A9-4449B5CA3536}"
EndProject
Project("{2150E333-8FDC-42A3-9474-1A3956D46DE8}") = "week01", "week01", "{A074F711-5F87-4DDD-A479-273411FB99DD}"
EndProject
Project("{9A19103F-16F7-4668-BE54-9A1E7A4F7556}") = "analyze", "week01\analyze\analyze.csproj", "{F957D31A-F3B5-4422-8A3A-D0A552282AF3}"
EndProject
Project("{9A19103F-16F7-4668-BE54-9A1E7A4F7556}") = "code", "week01\code\code.csproj", "{EDAE9EB0-C604-4413-802D-A2EFCCA4889A}"
EndProject
Project("{9A19103F-16F7-4668-BE54-9A1E7A4F7556}") = "teach", "week01\teach\teach.csproj", "{4ED32EBD-A175-4A61-B1FF-FE86C627151B}"
EndProject
Project("{2150E333-8FDC-42A3-9474-1A3956D46DE8}") = "week02", "week02", "{E9B89B64-C98F-43B4-8A7E-74DF517092DC}"
EndProject
Project("{9A19103F-16F7-4668-BE54-9A1E7A4F7556}") = "analyze", "week02\analyze\analyze.csproj", "{B6D337BC-7D68-4FAC-B876-804EB29F1FBA}"
EndProject
Project("{9A19103F-16F7-4668-BE54-9A1E7A4F7556}") = "code", "week02\code\code.csproj", "{F2510517-E898-4D31-9FC4-02D0529178C3}"
EndProject
Project("{9A19103F-16F7-4668-BE54-9A1E7A4F7556}") = "learn", "week02\learn\learn.csproj", "{60ABF46C-868F-4932-BDF5-9B1B27D3EC4D}"
EndProject
Project("{9A19103F-16F7-4668-BE54-9A1E7A4F7556}") = "teach", "week02\teach\teach.csproj", "{9746638C-D6CF-473B-A7D5-443E7774173A}"
EndProject
Project("{2150E333-8FDC-42A3-9474-1A3956D46DE8}") = "week03", "week03", "{8205A717-7E9F-4ECB-B002-EB46A2E6CF74}"
EndProject
Project("{9A19103F-16F7-4668-BE54-9A1E7A4F7556}") = "code", "week03\code\code.csproj", "{A3FD717B-920F-4012-8632-7FAEC6E473D0}"
EndProject
Project("{9A19103F-16F7-4668-BE54-9A1E7A4F7556}") = "learn", "week03\learn\learn.csproj", "{8A05BEFD-BD07-4567-94B2-7E4FE6B14B3D}"
EndProject
Project("{9A19103F-16F7-4668-BE54-9A1E7A4F7556}") = "teach", "week03\teach\teach.csproj", "{F92F71DB-54FA-4F92-A97B-9F893D845297}"
EndProject
Project("{2150E333-8FDC-42A3-9474-1A3956D46DE8}") = "week04", "week04", "{5CC08688-FC4C-4715-98D1-EA041F21BA1A}"
EndProject
Project("{9A19103F-16F7-4668-BE54-9A1E7A4F7556}") = "code", "week04\code\code.csproj", "{93E5DA77-6E05-4B0A-8019-FB2B96E51BAE}"
EndProject
Project("{2150E333-8FDC-42A3-9474-1A3956D46DE8}") = "week05", "week05", "{4415D77C-B6E6-4B65-A734-3A8E9350DC27}"
EndProject
Project("{9A19103F-16F7-4668-BE54-9A1E7A4F7556}") = "code", "week05\code\code.csproj", "{66A4E951-31CD-4B1C-9209-867E1D420F4E}"
EndProject
Project("{2150E333-8FDC-42A3-9474-1A3956D46DE8}") = "week06", "week06", "{6F3CCC0C-1DDB-4366-AE1C-FAF034AC7475}"
EndProject
Project("{9A19103F-16F7-4668-BE54-9A1E7A4F7556}") = "code", "week06\code\code.csproj", "{29724AC4-E61A-4D02-A6CB-1D833561128B}"
EndProject
Global
	GlobalSection(SolutionConfigurationPlatforms) = preSolution
		Debug|Any CPU = Debug|Any CPU
		Release|Any CPU = Release|Any CPU
	EndGlobalSection
	GlobalSection(ProjectConfigurationPlatforms) = postSolution
		{30C8F845-78AC-4683-88A9-4449B5CA3536}.Debug|Any CPU.ActiveCfg = Debug|Any CPU
		{30C8F845-78AC-4683-88A9-4449B5CA3536}.Debug|Any CPU.Build.0 = Debug|Any CPU
		{30C8F845-78AC-4683-88A9-4449B5CA3536}.Release|Any CPU.ActiveCfg = Release|Any CPU
		{30C8F845-78AC-4683-88A9-4449B5CA3536}.Release|Any CPU.Build.0 = Release|Any CPU
		{F957D31A-F3B5-4422-8A3A-D0A552282AF3}.Debug|Any CPU.ActiveCfg = Debug|Any CPU
		{F957D31A-F3B5-4422-8A3A-D0A552282AF3}.Debug|Any CPU.Build.0 = Debug|Any CPU
		{F957D31A-F3B5-4422-8A3A-D0A552282AF3}.Release|Any CPU.ActiveCfg = Release|Any CPU
		{F957D31A-F3B5-4422-8A3A-D0A552282AF3}.Release|Any CPU.Build.0 = Release|Any CPU
		{EDAE9EB0-C604-4413-802D-A2EFCCA4889A}.Debug|Any CPU.ActiveCfg = Debug|Any CPU
		{EDAE9EB0-C604-4413-802D-A2EFCCA4889A}.Debug|Any CPU.Build.0 = Debug|Any CPU
		{EDAE9EB0-C604-4413-802D-A2EFCCA4889A}.Release|Any CPU.ActiveCfg = Release|Any CPU
		{EDAE9EB0-C604-4413-802D-A2EFCCA4889A}.Release|Any CPU.Build.0 = Release|Any CPU
		{4ED32EBD-A175-4A61-B1FF-FE86C627151B}.Debug|Any CPU.ActiveCfg = Debug|Any CPU
		{4ED32EBD-A175-4A61-B1FF-FE86C627151B}.Debug|Any CPU.Build.0 = Debug|Any CPU
		{4ED32EBD-A175-4A61-B1FF-FE86C627151B}.Release|Any CPU.ActiveCfg = Release|Any CPU
		{4ED32EBD-A175-4A61-B1FF-FE86C627151B}.Release|Any CPU.Build.0 = Release|Any CPU
		{B6D337BC-7D68-4FAC-B876-804EB29F1FBA}.Debug|Any CPU.ActiveCfg = Debug|Any CPU
		{B6D337BC-7D68-4FAC-B876-804EB29F1FBA}.Debug|Any CPU.Build.0 = Debug|Any CPU
		{B6D337BC-7D68-4FAC-B876-804EB29F1FBA}.Release|Any CPU.ActiveCfg = Release|Any CPU
		{B6D337BC-7D68-4FAC-B876-804EB29F1FBA}.Release|Any CPU.Build.0 = Release|Any CPU
		{F2510517-E898-4D31-9FC4-02D0529178C3}.Debug|Any CPU.ActiveCfg = Debug|Any CPU
		{F2510517-E898-4D31-9FC4-02D0529178C3}.Debug|Any CPU.Build.0 = Debug|Any CPU
		{F2510517-E898-4D31-9FC4-02D0529178C3}.Release|Any CPU.ActiveCfg = Release|Any CPU
		{F2510517-E898-4D31-9FC4-02D0529178C3}.Release|Any CPU.Build.0 = Release|Any CPU
		{60ABF46C-868F-4932-BDF5-9B1B27D3EC4D}.Debug|Any CPU.ActiveCfg = Debug|Any CPU
		{60ABF46C-868F-4932-BDF5-9B1B27D3EC4D}.Debug|Any CPU.Build.0 = Debug|Any CPU
		{60ABF46C-868F-4932-BDF5-9B1B27D3EC4D}.Release|Any CPU.ActiveCfg = Release|Any CPU
		{60ABF46C-868F-4932-BDF5-9B1B27D3EC4D}.Release|Any CPU.Build.0 = Release|Any CPU
		{9746638C-D6CF-473B-A7D5-443E7774173A}.Debug|Any CPU.ActiveCfg = Debug|Any CPU
		{9746638C-D6CF-473B-A7D5-443E7774173A}.Debug|Any CPU.Build.0 = Debug|Any CPU
		{9746638C-D6CF-473B-A7D5-443E7774173A}.Release|Any CPU.ActiveCfg = Release|Any CPU
		{9746638C-D6CF-473B-A7D5-443E7774173A}.Release|Any CPU.Build.0 = Release|Any CPU
		{A3FD717B-920F-4012-8632-7FAEC6E473D0}.Debug|Any CPU.ActiveCfg = Debug|Any CPU
		{A3FD717B-920F-4012-8632-7FAEC6E473D0}.Debug|Any CPU.Build.0 = Debug|Any CPU
		{A3FD717B-920F-4012-8632-7FAEC6E473D0}.Release|Any CPU.ActiveCfg = Release|Any CPU
		{A3FD717B-920F-4012-8632-7FAEC6E473D0}.Release|Any CPU.Build.0 = Release|Any CPU
		{8A05BEFD-BD07-4567-94B2-7E4FE6B14B3D}.Debug|Any CPU.ActiveCfg = Debug|Any CPU
		{8A05BEFD-BD07-4567-94B2-7E4FE6B14B3D}.Debug|Any CPU.Build.0 = Debug|Any CPU
		{8A05BEFD-BD07-4567-94B2-7E4FE6B14B3D}.Release|Any CPU.ActiveCfg = Release|Any CPU
		{8A05BEFD-BD07-4567-94B2-7E4FE6B14B3D}.Release|Any CPU.Build.0 = Release|Any CPU
		{F92F71DB-54FA-4F92-A97B-9F893D845297}.Debug|Any CPU.ActiveCfg = Debug|Any CPU
		{F92F71DB-54FA-4F92-A97B-9F893D845297}.Debug|Any CPU.Build.0 = Debug|Any CPU
		{F92F71DB-54FA-4F92-A97B-9F893D845297}.Release|Any CPU.ActiveCfg = Release|Any CPU
		{F92F71DB-54FA-4F92-A97B-9F893D845297}.Release|Any CPU.Build.0 = Release|Any CPU
		{93E5DA77-6E05-4B0A-8019-FB2B96E51BAE}.Debug|Any CPU.ActiveCfg = Debug|Any CPU
		{93E5DA77-6E05-4B0A-8019-FB2B96E51BAE}.Debug|Any CPU.Build.0 = Debug|Any CPU
		{93E5DA77-6E05-4B0A-8019-FB2B96E51BAE}.Release|Any CPU.ActiveCfg = Release|Any CPU
		{93E5DA77-6E05-4B0A-8019-FB2B96E51BAE}.Release|Any CPU.Build.0 = Release|Any CPU
		{66A4E951-31CD-4B1C-9209-867E1D420F4E}.Debug|Any CPU.ActiveCfg = Debug|Any CPU
		{66A4E951-31CD-4B1C-9209-867E1D420F4E}.Debug|Any CPU.Build.0 = Debug|Any CPU
		{66A4E951-31CD-4B1C-9209-867E1D420F4E}.Release|Any CPU.ActiveCfg = Release|Any CPU
		{66A4E951-31CD-4B1C-9209-867E1D420F4E}.Release|Any CPU.Build.0 = Release|Any CPU
		{29724AC4-E61A-4D02-A6CB-1D833561128B}.Debug|Any CPU.ActiveCfg = Debug|Any CPU
		{29724AC4-E61A-4D02-A6CB-1D833561128B}.Debug|Any CPU.Build.0 = Debug|Any CPU
		{29724AC4-E61A-4D02-A6CB-1D833561128B}.Release|Any CPU.ActiveCfg = Release|Any CPU
		{29724AC4-E61A-4D02-A6CB-1D833561128B}.Release|Any CPU.Build.0 = Release|Any CPU
	EndGlobalSection
	GlobalSection(SolutionProperties) = preSolution
		HideSolutionNode = FALSE
	EndGlobalSection
	GlobalSection(NestedProjects) = preSolution
		{30C8F845-78AC-4683-88A9-4449B5CA3536} = {DCF63D8F-262B-47D6-8376-2978143DAB49}
		{F957D31A-F3B5-4422-8A3A-D0A552282AF3} = {A074F711-5F87-4DDD-A479-273411FB99DD}
		{EDAE9EB0-C604-4413-802D-A2EFCCA4889A} = {A074F711-5F87-4DDD-A479-273411FB99DD}
		{4ED32EBD-A175-4A61-B1FF-FE86C627151B} = {A074F711-5F87-4DDD-A479-273411FB99DD}
		{B6D337BC-7D68-4FAC-B876-804EB29F1FBA} = {E9B89B64-C98F-43B4-8A7E-74DF517092DC}
		{F2510517-E898-4D31-9FC4-02D0529178C3} = {E9B89B64-C98F-43B4-8A7E-74DF517092DC}
		{60ABF46C-868F-4932-BDF5-9B1B27D3EC4D} = {E9B89B64-C98F-43B4-8A7E-74DF517092DC}
		{9746638C-D6CF-473B-A7D5-443E7774173A} = {E9B89B64-C98F-43B4-8A7E-74DF517092DC}
		{A3FD717B-920F-4012-8632-7FAEC6E473D0} = {8205A717-7E9F-4ECB-B002-EB46A2E6CF74}
		{8A05BEFD-BD07-4567-94B2-7E4FE6B14B3D} = {8205A717-7E9F-4ECB-B002-EB46A2E6CF74}
		{F92F71DB-54FA-4F92-A97B-9F893D845297} = {8205A717-7E9F-4ECB-B002-EB46A2E6CF74}
		{93E5DA77-6E05-4B0A-8019-FB2B96E51BAE} = {5CC08688-FC4C-4715-98D1-EA041F21BA1A}
		{66A4E951-31CD-4B1C-9209-867E1D420F4E} = {4415D77C-B6E6-4B65-A734-3A8E9350DC27}
		{29724AC4-E61A-4D02-A6CB-1D833561128B} = {6F3CCC0C-1DDB-4366-AE1C-FAF034AC7475}
	EndGlobalSection
	GlobalSection(ExtensibilityGlobals) = postSolution
		SolutionGuid = {F7BE9644-DA66-4B0C-A6D6-FDA06DE3EAF8}
	EndGlobalSection
EndGlobal
